
Microsoft Visual Studio Solution File, Format Version 12.00
# Visual Studio Version 16
VisualStudioVersion = 25.0.1705.3
MinimumVisualStudioVersion = 10.0.40219.1
Project("{FAE04EC0-301F-11D3-BF4B-00C04F79EFBC}") = "FPL_Calculator", "FPL_Calculator\FPL_Calculator.csproj", "{8E952FD4-39CC-4388-9129-FED55F3AF148}"
EndProject
Global
	GlobalSection(SolutionConfigurationPlatforms) = preSolution
		Debug|Any CPU = Debug|Any CPU
		Release|Any CPU = Release|Any CPU
	EndGlobalSection
	GlobalSection(ProjectConfigurationPlatforms) = postSolution
		{8E952FD4-39CC-4388-9129-FED55F3AF148}.Debug|Any CPU.ActiveCfg = Debug|Any CPU
		{8E952FD4-39CC-4388-9129-FED55F3AF148}.Debug|Any CPU.Build.0 = Debug|Any CPU
		{8E952FD4-39CC-4388-9129-FED55F3AF148}.Release|Any CPU.ActiveCfg = Release|Any CPU
		{8E952FD4-39CC-4388-9129-FED55F3AF148}.Release|Any CPU.Build.0 = Release|Any CPU
	EndGlobalSection
	GlobalSection(SolutionProperties) = preSolution
		HideSolutionNode = FALSE
	EndGlobalSection
	GlobalSection(ExtensibilityGlobals) = postSolution
		SolutionGuid = {8B264C36-C916-418A-9AF5-44233B39A408}
	EndGlobalSection
EndGlobal
